
Microsoft Visual Studio Solution File, Format Version 12.00
# Visual Studio 15
VisualStudioVersion = 15.0.28307.168
MinimumVisualStudioVersion = 10.0.40219.1
Project("{FAE04EC0-301F-11D3-BF4B-00C04F79EFBC}") = "WebServiceApplication", "WebServiceApplication\WebServiceApplication.csproj", "{6C00D9D0-92CA-499C-A063-4ED23A6D83BD}"
EndProject
Project("{FAE04EC0-301F-11D3-BF4B-00C04F79EFBC}") = "ClientApplication", "ClientApplication\ClientApplication.csproj", "{C331D4AC-A56E-41B2-B041-D7F36AA34A29}"
EndProject
Global
	GlobalSection(SolutionConfigurationPlatforms) = preSolution
		Debug|Any CPU = Debug|Any CPU
		Release|Any CPU = Release|Any CPU
	EndGlobalSection
	GlobalSection(ProjectConfigurationPlatforms) = postSolution
		{6C00D9D0-92CA-499C-A063-4ED23A6D83BD}.Debug|Any CPU.ActiveCfg = Debug|Any CPU
		{6C00D9D0-92CA-499C-A063-4ED23A6D83BD}.Debug|Any CPU.Build.0 = Debug|Any CPU
		{6C00D9D0-92CA-499C-A063-4ED23A6D83BD}.Release|Any CPU.ActiveCfg = Release|Any CPU
		{6C00D9D0-92CA-499C-A063-4ED23A6D83BD}.Release|Any CPU.Build.0 = Release|Any CPU
		{C331D4AC-A56E-41B2-B041-D7F36AA34A29}.Debug|Any CPU.ActiveCfg = Debug|Any CPU
		{C331D4AC-A56E-41B2-B041-D7F36AA34A29}.Debug|Any CPU.Build.0 = Debug|Any CPU
		{C331D4AC-A56E-41B2-B041-D7F36AA34A29}.Release|Any CPU.ActiveCfg = Release|Any CPU
		{C331D4AC-A56E-41B2-B041-D7F36AA34A29}.Release|Any CPU.Build.0 = Release|Any CPU
	EndGlobalSection
	GlobalSection(SolutionProperties) = preSolution
		HideSolutionNode = FALSE
	EndGlobalSection
	GlobalSection(ExtensibilityGlobals) = postSolution
		SolutionGuid = {099B08A3-A417-4611-BBD0-309260A5DBD0}
	EndGlobalSection
EndGlobal
